version = 1
revision = 3
requires-python = ">=3.14"

[manifest]
members = [
    "typed-rubicon-objc",
    "typed-rubicon-objc-foundation",
    "typed-rubicon-objc-iobluetooth",
]

[[package]]
name = "rubicon-objc"
version = "0.5.3"
source = { registry = "https://pypi.org/simple" }
sdist = { url = "https://files.pythonhosted.org/packages/4f/d2/d39ecd205661a5c14c90dbd92a722a203848a3621785c9783716341de427/rubicon_objc-0.5.3.tar.gz", hash = "sha256:74c25920c5951a05db9d3a1aac31d23816ec7dacc841a5b124d911b99ea71b9a", size = 171512, upload-time = "2025-12-03T03:51:10.264Z" }
wheels = [
    { url = "https://files.pythonhosted.org/packages/93/ab/e834c01138c272fb2e37d2f3c7cba708bc694dbc7b3f03b743f29ceb92d5/rubicon_objc-0.5.3-py3-none-any.whl", hash = "sha256:31dedcda9be38435f5ec067906e1eea5d0ddb790330e98a22e94ff424758b415", size = 64414, upload-time = "2025-12-03T03:51:09.082Z" },
]

[[package]]
name = "typed-rubicon-objc"
version = "0.1.0"
source = { virtual = "." }
dependencies = [
    { name = "typed-rubicon-objc-foundation" },
    { name = "typed-rubicon-objc-iobluetooth" },
]

[package.metadata]
requires-dist = [
    { name = "typed-rubicon-objc-foundation", editable = "frameworks/Foundation" },
    { name = "typed-rubicon-objc-iobluetooth", editable = "frameworks/IOBluetooth" },
]

[[package]]
name = "typed-rubicon-objc-foundation"
version = "0.1.0"
source = { editable = "frameworks/Foundation" }
dependencies = [
    { name = "rubicon-objc" },
]

[package.metadata]
requires-dist = [{ name = "rubicon-objc" }]

[[package]]
name = "typed-rubicon-objc-iobluetooth"
version = "0.1.0"
source = { editable = "frameworks/IOBluetooth" }
dependencies = [
    { name = "rubicon-objc" },
    { name = "typed-rubicon-objc-foundation" },
]

[package.metadata]
requires-dist = [
    { name = "rubicon-objc" },
    { name = "typed-rubicon-objc-foundation", editable = "frameworks/Foundation" },
]
